
Microsoft Visual Studio Solution File, Format Version 12.00
# Visual Studio Version 16
VisualStudioVersion = 16.0.31205.134
MinimumVisualStudioVersion = 10.0.40219.1
Project("{9A19103F-16F7-4668-BE54-9A1E7A4F7556}") = "Runner", "Runner\Runner.csproj", "{6DDAF2E3-E8B1-4380-B9DF-9690C249E814}"
EndProject
Project("{9A19103F-16F7-4668-BE54-9A1E7A4F7556}") = "SumOfMultiple", "SumOfMultiple\SumOfMultiple.csproj", "{DBF3E338-7EED-4998-95B1-CF399D6891BB}"
EndProject
Project("{9A19103F-16F7-4668-BE54-9A1E7A4F7556}") = "SequenceAnalysis", "SequenceAnalysis\SequenceAnalysis.csproj", "{96F9CC40-DDB7-4339-8A35-249D4185AC28}"
EndProject
Project("{9A19103F-16F7-4668-BE54-9A1E7A4F7556}") = "SumOfMultipleTest", "SumOfMultipleTest\SumOfMultipleTest.csproj", "{EAE6A741-7C6F-4261-A956-C030546029E6}"
EndProject
Project("{FAE04EC0-301F-11D3-BF4B-00C04F79EFBC}") = "SequenceAnalysisTest", "SequenceAnalysisTest\SequenceAnalysisTest.csproj", "{F58340BC-C89E-42AD-A58F-3FDFDA054F71}"
EndProject
Global
	GlobalSection(SolutionConfigurationPlatforms) = preSolution
		Debug|Any CPU = Debug|Any CPU
		Debug|x64 = Debug|x64
		Debug|x86 = Debug|x86
		Release|Any CPU = Release|Any CPU
		Release|x64 = Release|x64
		Release|x86 = Release|x86
	EndGlobalSection
	GlobalSection(ProjectConfigurationPlatforms) = postSolution
		{6DDAF2E3-E8B1-4380-B9DF-9690C249E814}.Debug|Any CPU.ActiveCfg = Debug|Any CPU
		{6DDAF2E3-E8B1-4380-B9DF-9690C249E814}.Debug|Any CPU.Build.0 = Debug|Any CPU
		{6DDAF2E3-E8B1-4380-B9DF-9690C249E814}.Debug|x64.ActiveCfg = Debug|x64
		{6DDAF2E3-E8B1-4380-B9DF-9690C249E814}.Debug|x64.Build.0 = Debug|x64
		{6DDAF2E3-E8B1-4380-B9DF-9690C249E814}.Debug|x86.ActiveCfg = Debug|x86
		{6DDAF2E3-E8B1-4380-B9DF-9690C249E814}.Debug|x86.Build.0 = Debug|x86
		{6DDAF2E3-E8B1-4380-B9DF-9690C249E814}.Release|Any CPU.ActiveCfg = Release|Any CPU
		{6DDAF2E3-E8B1-4380-B9DF-9690C249E814}.Release|Any CPU.Build.0 = Release|Any CPU
		{6DDAF2E3-E8B1-4380-B9DF-9690C249E814}.Release|x64.ActiveCfg = Release|x64
		{6DDAF2E3-E8B1-4380-B9DF-9690C249E814}.Release|x64.Build.0 = Release|x64
		{6DDAF2E3-E8B1-4380-B9DF-9690C249E814}.Release|x86.ActiveCfg = Release|x86
		{6DDAF2E3-E8B1-4380-B9DF-9690C249E814}.Release|x86.Build.0 = Release|x86
		{DBF3E338-7EED-4998-95B1-CF399D6891BB}.Debug|Any CPU.ActiveCfg = Debug|Any CPU
		{DBF3E338-7EED-4998-95B1-CF399D6891BB}.Debug|Any CPU.Build.0 = Debug|Any CPU
		{DBF3E338-7EED-4998-95B1-CF399D6891BB}.Debug|x64.ActiveCfg = Debug|x64
		{DBF3E338-7EED-4998-95B1-CF399D6891BB}.Debug|x64.Build.0 = Debug|x64
		{DBF3E338-7EED-4998-95B1-CF399D6891BB}.Debug|x86.ActiveCfg = Debug|x86
		{DBF3E338-7EED-4998-95B1-CF399D6891BB}.Debug|x86.Build.0 = Debug|x86
		{DBF3E338-7EED-4998-95B1-CF399D6891BB}.Release|Any CPU.ActiveCfg = Release|Any CPU
		{DBF3E338-7EED-4998-95B1-CF399D6891BB}.Release|Any CPU.Build.0 = Release|Any CPU
		{DBF3E338-7EED-4998-95B1-CF399D6891BB}.Release|x64.ActiveCfg = Release|x64
		{DBF3E338-7EED-4998-95B1-CF399D6891BB}.Release|x64.Build.0 = Release|x64
		{DBF3E338-7EED-4998-95B1-CF399D6891BB}.Release|x86.ActiveCfg = Release|x86
		{DBF3E338-7EED-4998-95B1-CF399D6891BB}.Release|x86.Build.0 = Release|x86
		{96F9CC40-DDB7-4339-8A35-249D4185AC28}.Debug|Any CPU.ActiveCfg = Debug|Any CPU
		{96F9CC40-DDB7-4339-8A35-249D4185AC28}.Debug|Any CPU.Build.0 = Debug|Any CPU
		{96F9CC40-DDB7-4339-8A35-249D4185AC28}.Debug|x64.ActiveCfg = Debug|x64
		{96F9CC40-DDB7-4339-8A35-249D4185AC28}.Debug|x64.Build.0 = Debug|x64
		{96F9CC40-DDB7-4339-8A35-249D4185AC28}.Debug|x86.ActiveCfg = Debug|x86
		{96F9CC40-DDB7-4339-8A35-249D4185AC28}.Debug|x86.Build.0 = Debug|x86
		{96F9CC40-DDB7-4339-8A35-249D4185AC28}.Release|Any CPU.ActiveCfg = Release|Any CPU
		{96F9CC40-DDB7-4339-8A35-249D4185AC28}.Release|Any CPU.Build.0 = Release|Any CPU
		{96F9CC40-DDB7-4339-8A35-249D4185AC28}.Release|x64.ActiveCfg = Release|x64
		{96F9CC40-DDB7-4339-8A35-249D4185AC28}.Release|x64.Build.0 = Release|x64
		{96F9CC40-DDB7-4339-8A35-249D4185AC28}.Release|x86.ActiveCfg = Release|x86
		{96F9CC40-DDB7-4339-8A35-249D4185AC28}.Release|x86.Build.0 = Release|x86
		{EAE6A741-7C6F-4261-A956-C030546029E6}.Debug|Any CPU.ActiveCfg = Debug|Any CPU
		{EAE6A741-7C6F-4261-A956-C030546029E6}.Debug|Any CPU.Build.0 = Debug|Any CPU
		{EAE6A741-7C6F-4261-A956-C030546029E6}.Debug|x64.ActiveCfg = Debug|Any CPU
		{EAE6A741-7C6F-4261-A956-C030546029E6}.Debug|x64.Build.0 = Debug|Any CPU
		{EAE6A741-7C6F-4261-A956-C030546029E6}.Debug|x86.ActiveCfg = Debug|Any CPU
		{EAE6A741-7C6F-4261-A956-C030546029E6}.Debug|x86.Build.0 = Debug|Any CPU
		{EAE6A741-7C6F-4261-A956-C030546029E6}.Release|Any CPU.ActiveCfg = Release|Any CPU
		{EAE6A741-7C6F-4261-A956-C030546029E6}.Release|Any CPU.Build.0 = Release|Any CPU
		{EAE6A741-7C6F-4261-A956-C030546029E6}.Release|x64.ActiveCfg = Release|Any CPU
		{EAE6A741-7C6F-4261-A956-C030546029E6}.Release|x64.Build.0 = Release|Any CPU
		{EAE6A741-7C6F-4261-A956-C030546029E6}.Release|x86.ActiveCfg = Release|Any CPU
		{EAE6A741-7C6F-4261-A956-C030546029E6}.Release|x86.Build.0 = Release|Any CPU
		{F58340BC-C89E-42AD-A58F-3FDFDA054F71}.Debug|Any CPU.ActiveCfg = Debug|Any CPU
		{F58340BC-C89E-42AD-A58F-3FDFDA054F71}.Debug|Any CPU.Build.0 = Debug|Any CPU
		{F58340BC-C89E-42AD-A58F-3FDFDA054F71}.Debug|x64.ActiveCfg = Debug|Any CPU
		{F58340BC-C89E-42AD-A58F-3FDFDA054F71}.Debug|x64.Build.0 = Debug|Any CPU
		{F58340BC-C89E-42AD-A58F-3FDFDA054F71}.Debug|x86.ActiveCfg = Debug|Any CPU
		{F58340BC-C89E-42AD-A58F-3FDFDA054F71}.Debug|x86.Build.0 = Debug|Any CPU
		{F58340BC-C89E-42AD-A58F-3FDFDA054F71}.Release|Any CPU.ActiveCfg = Release|Any CPU
		{F58340BC-C89E-42AD-A58F-3FDFDA054F71}.Release|Any CPU.Build.0 = Release|Any CPU
		{F58340BC-C89E-42AD-A58F-3FDFDA054F71}.Release|x64.ActiveCfg = Release|Any CPU
		{F58340BC-C89E-42AD-A58F-3FDFDA054F71}.Release|x64.Build.0 = Release|Any CPU
		{F58340BC-C89E-42AD-A58F-3FDFDA054F71}.Release|x86.ActiveCfg = Release|Any CPU
		{F58340BC-C89E-42AD-A58F-3FDFDA054F71}.Release|x86.Build.0 = Release|Any CPU
	EndGlobalSection
	GlobalSection(SolutionProperties) = preSolution
		HideSolutionNode = FALSE
	EndGlobalSection
	GlobalSection(ExtensibilityGlobals) = postSolution
		SolutionGuid = {E5E2DBED-DC60-427B-913B-379B03E2B4ED}
	EndGlobalSection
EndGlobal
